
Microsoft Visual Studio Solution File, Format Version 12.00
# Visual Studio Version 17
VisualStudioVersion = 17.9.34723.18
MinimumVisualStudioVersion = 10.0.40219.1
Project("{9A19103F-16F7-4668-BE54-9A1E7A4F7556}") = "Beep.Library", "Beep.Library\Beep.Library.csproj", "{81F92450-EAB7-463E-A2BD-4A3A9031A9EA}"
EndProject
Project("{2150E333-8FDC-42A3-9474-1A3956D46DE8}") = "solution", "solution", "{2C9B6673-E3B0-4E6E-902C-620C7BB8AF3C}"
EndProject
Global
	GlobalSection(SolutionConfigurationPlatforms) = preSolution
		Debug|Any CPU = Debug|Any CPU
		Release|Any CPU = Release|Any CPU
	EndGlobalSection
	GlobalSection(ProjectConfigurationPlatforms) = postSolution
		{81F92450-EAB7-463E-A2BD-4A3A9031A9EA}.Debug|Any CPU.ActiveCfg = Debug|Any CPU
		{81F92450-EAB7-463E-A2BD-4A3A9031A9EA}.Debug|Any CPU.Build.0 = Debug|Any CPU
		{81F92450-EAB7-463E-A2BD-4A3A9031A9EA}.Release|Any CPU.ActiveCfg = Release|Any CPU
		{81F92450-EAB7-463E-A2BD-4A3A9031A9EA}.Release|Any CPU.Build.0 = Release|Any CPU
	EndGlobalSection
	GlobalSection(SolutionProperties) = preSolution
		HideSolutionNode = FALSE
	EndGlobalSection
	GlobalSection(ExtensibilityGlobals) = postSolution
		SolutionGuid = {54526A03-553C-4E82-9BDE-E1980CBAE51D}
	EndGlobalSection
EndGlobal
